// !$*UTF8*$!
{
	archiveVersion = 1;
	classes = {
	};
	objectVersion = 55;
	objects = {

/* Begin PBXBuildFile section */
		D58AACF9280E25AC00811876 /* AppDelegate.swift in Sources */ = {isa = PBXBuildFile; fileRef = D58AACF8280E25AC00811876 /* AppDelegate.swift */; };
		D58AACFB280E25AC00811876 /* SceneDelegate.swift in Sources */ = {isa = PBXBuildFile; fileRef = D58AACFA280E25AC00811876 /* SceneDelegate.swift */; };
		D58AACFD280E25AC00811876 /* ViewController.swift in Sources */ = {isa = PBXBuildFile; fileRef = D58AACFC280E25AC00811876 /* ViewController.swift */; };
		D58AAD00280E25AC00811876 /* Main.storyboard in Resources */ = {isa = PBXBuildFile; fileRef = D58AACFE280E25AC00811876 /* Main.storyboard */; };
		D58AAD02280E25AE00811876 /* Assets.xcassets in Resources */ = {isa = PBXBuildFile; fileRef = D58AAD01280E25AE00811876 /* Assets.xcassets */; };
		D58AAD05280E25AE00811876 /* LaunchScreen.storyboard in Resources */ = {isa = PBXBuildFile; fileRef = D58AAD03280E25AE00811876 /* LaunchScreen.storyboard */; };
		D5FFB848280FBDC700CB6178 /* LocationService.swift in Sources */ = {isa = PBXBuildFile; fileRef = D5FFB847280FBDC700CB6178 /* LocationService.swift */; };
		D5FFB84A280FBE3300CB6178 /* WeatherService.swift in Sources */ = {isa = PBXBuildFile; fileRef = D5FFB849280FBE3300CB6178 /* WeatherService.swift */; };
		D5FFB84C280FCE6500CB6178 /* LoginViewController.swift in Sources */ = {isa = PBXBuildFile; fileRef = D5FFB84B280FCE6400CB6178 /* LoginViewController.swift */; };
		D5FFB850280FDE9B00CB6178 /* User.swift in Sources */ = {isa = PBXBuildFile; fileRef = D5FFB84F280FDE9A00CB6178 /* User.swift */; };
		D5FFB855280FE08200CB6178 /* libsqlite3.0.tbd in Frameworks */ = {isa = PBXBuildFile; fileRef = D5FFB854280FE07300CB6178 /* libsqlite3.0.tbd */; };
		D5FFB856280FE08200CB6178 /* libsqlite3.tbd in Frameworks */ = {isa = PBXBuildFile; fileRef = D5FFB853280FE07300CB6178 /* libsqlite3.tbd */; };
/* End PBXBuildFile section */

/* Begin PBXFileReference section */
		D58AACF5280E25AC00811876 /* TripTrack_LoginWeather.app */ = {isa = PBXFileReference; explicitFileType = wrapper.application; includeInIndex = 0; path = TripTrack_LoginWeather.app; sourceTree = BUILT_PRODUCTS_DIR; };
		D58AACF8280E25AC00811876 /* AppDelegate.swift */ = {isa = PBXFileReference; lastKnownFileType = sourcecode.swift; path = AppDelegate.swift; sourceTree = "<group>"; };
		D58AACFA280E25AC00811876 /* SceneDelegate.swift */ = {isa = PBXFileReference; lastKnownFileType = sourcecode.swift; path = SceneDelegate.swift; sourceTree = "<group>"; };
		D58AACFC280E25AC00811876 /* ViewController.swift */ = {isa = PBXFileReference; lastKnownFileType = sourcecode.swift; path = ViewController.swift; sourceTree = "<group>"; };
		D58AACFF280E25AC00811876 /* Base */ = {isa = PBXFileReference; lastKnownFileType = file.storyboard; name = Base; path = Base.lproj/Main.storyboard; sourceTree = "<group>"; };
		D58AAD01280E25AE00811876 /* Assets.xcassets */ = {isa = PBXFileReference; lastKnownFileType = folder.assetcatalog; path = Assets.xcassets; sourceTree = "<group>"; };
		D58AAD04280E25AE00811876 /* Base */ = {isa = PBXFileReference; lastKnownFileType = file.storyboard; name = Base; path = Base.lproj/LaunchScreen.storyboard; sourceTree = "<group>"; };
		D58AAD06280E25AE00811876 /* Info.plist */ = {isa = PBXFileReference; lastKnownFileType = text.plist.xml; path = Info.plist; sourceTree = "<group>"; };
		D5FFB847280FBDC700CB6178 /* LocationService.swift */ = {isa = PBXFileReference; lastKnownFileType = sourcecode.swift; path = LocationService.swift; sourceTree = "<group>"; };
		D5FFB849280FBE3300CB6178 /* WeatherService.swift */ = {isa = PBXFileReference; lastKnownFileType = sourcecode.swift; path = WeatherService.swift; sourceTree = "<group>"; };
		D5FFB84B280FCE6400CB6178 /* LoginViewController.swift */ = {isa = PBXFileReference; lastKnownFileType = sourcecode.swift; path = LoginViewController.swift; sourceTree = "<group>"; };
		D5FFB84F280FDE9A00CB6178 /* User.swift */ = {isa = PBXFileReference; lastKnownFileType = sourcecode.swift; path = User.swift; sourceTree = "<group>"; };
		D5FFB853280FE07300CB6178 /* libsqlite3.tbd */ = {isa = PBXFileReference; lastKnownFileType = "sourcecode.text-based-dylib-definition"; name = libsqlite3.tbd; path = usr/lib/libsqlite3.tbd; sourceTree = SDKROOT; };
		D5FFB854280FE07300CB6178 /* libsqlite3.0.tbd */ = {isa = PBXFileReference; lastKnownFileType = "sourcecode.text-based-dylib-definition"; name = libsqlite3.0.tbd; path = usr/lib/libsqlite3.0.tbd; sourceTree = SDKROOT; };
		D5FFB858280FF3F200CB6178 /* UserDB.db */ = {isa = PBXFileReference; lastKnownFileType = file; path = UserDB.db; sourceTree = "<group>"; };
/* End PBXFileReference section */

/* Begin PBXFrameworksBuildPhase section */
		D58AACF2280E25AC00811876 /* Frameworks */ = {
			isa = PBXFrameworksBuildPhase;
			buildActionMask = 2147483647;
			files = (
				D5FFB856280FE08200CB6178 /* libsqlite3.tbd in Frameworks */,
				D5FFB855280FE08200CB6178 /* libsqlite3.0.tbd in Frameworks */,
			);
			runOnlyForDeploymentPostprocessing = 0;
		};
/* End PBXFrameworksBuildPhase section */

/* Begin PBXGroup section */
		D58AACEC280E25AC00811876 = {
			isa = PBXGroup;
			children = (
				D58AACF7280E25AC00811876 /* TripTrack_LoginWeather */,
				D58AACF6280E25AC00811876 /* Products */,
				D5FFB852280FE07300CB6178 /* Frameworks */,
			);
			sourceTree = "<group>";
		};
		D58AACF6280E25AC00811876 /* Products */ = {
			isa = PBXGroup;
			children = (
				D58AACF5280E25AC00811876 /* TripTrack_LoginWeather.app */,
			);
			name = Products;
			sourceTree = "<group>";
		};
		D58AACF7280E25AC00811876 /* TripTrack_LoginWeather */ = {
			isa = PBXGroup;
			children = (
				D5FFB84D280FD86000CB6178 /* Database */,
				D5FFB846280FBDA900CB6178 /* Services */,
				D58AAD0E280E25E500811876 /* Storyboards */,
				D58AAD0D280E25D900811876 /* View Controllers */,
				D58AAD0C280E25D000811876 /* Classes */,
				D58AAD01280E25AE00811876 /* Assets.xcassets */,
				D58AAD06280E25AE00811876 /* Info.plist */,
			);
			path = TripTrack_LoginWeather;
			sourceTree = "<group>";
		};
		D58AAD0C280E25D000811876 /* Classes */ = {
			isa = PBXGroup;
			children = (
				D58AACFA280E25AC00811876 /* SceneDelegate.swift */,
				D58AACF8280E25AC00811876 /* AppDelegate.swift */,
				D5FFB84F280FDE9A00CB6178 /* User.swift */,
			);
			path = Classes;
			sourceTree = "<group>";
		};
		D58AAD0D280E25D900811876 /* View Controllers */ = {
			isa = PBXGroup;
			children = (
				D58AACFC280E25AC00811876 /* ViewController.swift */,
				D5FFB84B280FCE6400CB6178 /* LoginViewController.swift */,
			);
			path = "View Controllers";
			sourceTree = "<group>";
		};
		D58AAD0E280E25E500811876 /* Storyboards */ = {
			isa = PBXGroup;
			children = (
				D58AAD03280E25AE00811876 /* LaunchScreen.storyboard */,
				D58AACFE280E25AC00811876 /* Main.storyboard */,
			);
			path = Storyboards;
			sourceTree = "<group>";
		};
		D5FFB846280FBDA900CB6178 /* Services */ = {
			isa = PBXGroup;
			children = (
				D5FFB847280FBDC700CB6178 /* LocationService.swift */,
				D5FFB849280FBE3300CB6178 /* WeatherService.swift */,
			);
			path = Services;
			sourceTree = "<group>";
		};
		D5FFB84D280FD86000CB6178 /* Database */ = {
			isa = PBXGroup;
			children = (
				D5FFB858280FF3F200CB6178 /* UserDB.db */,
			);
			path = Database;
			sourceTree = "<group>";
		};
		D5FFB852280FE07300CB6178 /* Frameworks */ = {
			isa = PBXGroup;
			children = (
				D5FFB854280FE07300CB6178 /* libsqlite3.0.tbd */,
				D5FFB853280FE07300CB6178 /* libsqlite3.tbd */,
			);
			name = Frameworks;
			sourceTree = "<group>";
		};
/* End PBXGroup section */

/* Begin PBXNativeTarget section */
		D58AACF4280E25AC00811876 /* TripTrack_LoginWeather */ = {
			isa = PBXNativeTarget;
			buildConfigurationList = D58AAD09280E25AE00811876 /* Build configuration list for PBXNativeTarget "TripTrack_LoginWeather" */;
			buildPhases = (
				D58AACF1280E25AC00811876 /* Sources */,
				D58AACF2280E25AC00811876 /* Frameworks */,
				D58AACF3280E25AC00811876 /* Resources */,
			);
			buildRules = (
			);
			dependencies = (
			);
			name = TripTrack_LoginWeather;
			productName = TripTrack_LoginWeather;
			productReference = D58AACF5280E25AC00811876 /* TripTrack_LoginWeather.app */;
			productType = "com.apple.product-type.application";
		};
/* End PBXNativeTarget section */

/* Begin PBXProject section */
		D58AACED280E25AC00811876 /* Project object */ = {
			isa = PBXProject;
			attributes = {
				BuildIndependentTargetsInParallel = 1;
				LastSwiftUpdateCheck = 1330;
				LastUpgradeCheck = 1330;
				TargetAttributes = {
					D58AACF4280E25AC00811876 = {
						CreatedOnToolsVersion = 13.3.1;
					};
				};
			};
			buildConfigurationList = D58AACF0280E25AC00811876 /* Build configuration list for PBXProject "TripTrack_LoginWeather" */;
			compatibilityVersion = "Xcode 13.0";
			developmentRegion = en;
			hasScannedForEncodings = 0;
			knownRegions = (
				en,
				Base,
			);
			mainGroup = D58AACEC280E25AC00811876;
			productRefGroup = D58AACF6280E25AC00811876 /* Products */;
			projectDirPath = "";
			projectRoot = "";
			targets = (
				D58AACF4280E25AC00811876 /* TripTrack_LoginWeather */,
			);
		};
/* End PBXProject section */

/* Begin PBXResourcesBuildPhase section */
		D58AACF3280E25AC00811876 /* Resources */ = {
			isa = PBXResourcesBuildPhase;
			buildActionMask = 2147483647;
			files = (
				D58AAD05280E25AE00811876 /* LaunchScreen.storyboard in Resources */,
				D58AAD02280E25AE00811876 /* Assets.xcassets in Resources */,
				D58AAD00280E25AC00811876 /* Main.storyboard in Resources */,
			);
			runOnlyForDeploymentPostprocessing = 0;
		};
/* End PBXResourcesBuildPhase section */

/* Begin PBXSourcesBuildPhase section */
		D58AACF1280E25AC00811876 /* Sources */ = {
			isa = PBXSourcesBuildPhase;
			buildActionMask = 2147483647;
			files = (
				D5FFB84C280FCE6500CB6178 /* LoginViewController.swift in Sources */,
				D5FFB84A280FBE3300CB6178 /* WeatherService.swift in Sources */,
				D58AACFD280E25AC00811876 /* ViewController.swift in Sources */,
				D58AACF9280E25AC00811876 /* AppDelegate.swift in Sources */,
				D5FFB848280FBDC700CB6178 /* LocationService.swift in Sources */,
				D58AACFB280E25AC00811876 /* SceneDelegate.swift in Sources */,
				D5FFB850280FDE9B00CB6178 /* User.swift in Sources */,
			);
			runOnlyForDeploymentPostprocessing = 0;
		};
/* End PBXSourcesBuildPhase section */

/* Begin PBXVariantGroup section */
		D58AACFE280E25AC00811876 /* Main.storyboard */ = {
			isa = PBXVariantGroup;
			children = (
				D58AACFF280E25AC00811876 /* Base */,
			);
			name = Main.storyboard;
			sourceTree = "<group>";
		};
		D58AAD03280E25AE00811876 /* LaunchScreen.storyboard */ = {
			isa = PBXVariantGroup;
			children = (
				D58AAD04280E25AE00811876 /* Base */,
			);
			name = LaunchScreen.storyboard;
			sourceTree = "<group>";
		};
/* End PBXVariantGroup section */

/* Begin XCBuildConfiguration section */
		D58AAD07280E25AE00811876 /* Debug */ = {
			isa = XCBuildConfiguration;
			buildSettings = {
				ALWAYS_SEARCH_USER_PATHS = NO;
				CLANG_ANALYZER_NONNULL = YES;
				CLANG_ANALYZER_NUMBER_OBJECT_CONVERSION = YES_AGGRESSIVE;
				CLANG_CXX_LANGUAGE_STANDARD = "gnu++17";
				CLANG_ENABLE_MODULES = YES;
				CLANG_ENABLE_OBJC_ARC = YES;
				CLANG_ENABLE_OBJC_WEAK = YES;
				CLANG_WARN_BLOCK_CAPTURE_AUTORELEASING = YES;
				CLANG_WARN_BOOL_CONVERSION = YES;
				CLANG_WARN_COMMA = YES;
				CLANG_WARN_CONSTANT_CONVERSION = YES;
				CLANG_WARN_DEPRECATED_OBJC_IMPLEMENTATIONS = YES;
				CLANG_WARN_DIRECT_OBJC_ISA_USAGE = YES_ERROR;
				CLANG_WARN_DOCUMENTATION_COMMENTS = YES;
				CLANG_WARN_EMPTY_BODY = YES;
				CLANG_WARN_ENUM_CONVERSION = YES;
				CLANG_WARN_INFINITE_RECURSION = YES;
				CLANG_WARN_INT_CONVERSION = YES;
				CLANG_WARN_NON_LITERAL_NULL_CONVERSION = YES;
				CLANG_WARN_OBJC_IMPLICIT_RETAIN_SELF = YES;
				CLANG_WARN_OBJC_LITERAL_CONVERSION = YES;
				CLANG_WARN_OBJC_ROOT_CLASS = YES_ERROR;
				CLANG_WARN_QUOTED_INCLUDE_IN_FRAMEWORK_HEADER = YES;
				CLANG_WARN_RANGE_LOOP_ANALYSIS = YES;
				CLANG_WARN_STRICT_PROTOTYPES = YES;
				CLANG_WARN_SUSPICIOUS_MOVE = YES;
				CLANG_WARN_UNGUARDED_AVAILABILITY = YES_AGGRESSIVE;
				CLANG_WARN_UNREACHABLE_CODE = YES;
				CLANG_WARN__DUPLICATE_METHOD_MATCH = YES;
				COPY_PHASE_STRIP = NO;
				DEBUG_INFORMATION_FORMAT = dwarf;
				ENABLE_STRICT_OBJC_MSGSEND = YES;
				ENABLE_TESTABILITY = YES;
				GCC_C_LANGUAGE_STANDARD = gnu11;
				GCC_DYNAMIC_NO_PIC = NO;
				GCC_NO_COMMON_BLOCKS = YES;
				GCC_OPTIMIZATION_LEVEL = 0;
				GCC_PREPROCESSOR_DEFINITIONS = (
					"DEBUG=1",
					"$(inherited)",
				);
				GCC_WARN_64_TO_32_BIT_CONVERSION = YES;
				GCC_WARN_ABOUT_RETURN_TYPE = YES_ERROR;
				GCC_WARN_UNDECLARED_SELECTOR = YES;
				GCC_WARN_UNINITIALIZED_AUTOS = YES_AGGRESSIVE;
				GCC_WARN_UNUSED_FUNCTION = YES;
				GCC_WARN_UNUSED_VARIABLE = YES;
				IPHONEOS_DEPLOYMENT_TARGET = 15.4;
				MTL_ENABLE_DEBUG_INFO = INCLUDE_SOURCE;
				MTL_FAST_MATH = YES;
				ONLY_ACTIVE_ARCH = YES;
				SDKROOT = iphoneos;
				SWIFT_ACTIVE_COMPILATION_CONDITIONS = DEBUG;
				SWIFT_OPTIMIZATION_LEVEL = "-Onone";
			};
			name = Debug;
		};
		D58AAD08280E25AE00811876 /* Release */ = {
			isa = XCBuildConfiguration;
			buildSettings = {
				ALWAYS_SEARCH_USER_PATHS = NO;
				CLANG_ANALYZER_NONNULL = YES;
				CLANG_ANALYZER_NUMBER_OBJECT_CONVERSION = YES_AGGRESSIVE;
				CLANG_CXX_LANGUAGE_STANDARD = "gnu++17";
				CLANG_ENABLE_MODULES = YES;
				CLANG_ENABLE_OBJC_ARC = YES;
				CLANG_ENABLE_OBJC_WEAK = YES;
				CLANG_WARN_BLOCK_CAPTURE_AUTORELEASING = YES;
				CLANG_WARN_BOOL_CONVERSION = YES;
				CLANG_WARN_COMMA = YES;
				CLANG_WARN_CONSTANT_CONVERSION = YES;
				CLANG_WARN_DEPRECATED_OBJC_IMPLEMENTATIONS = YES;
				CLANG_WARN_DIRECT_OBJC_ISA_USAGE = YES_ERROR;
				CLANG_WARN_DOCUMENTATION_COMMENTS = YES;
				CLANG_WARN_EMPTY_BODY = YES;
				CLANG_WARN_ENUM_CONVERSION = YES;
				CLANG_WARN_INFINITE_RECURSION = YES;
				CLANG_WARN_INT_CONVERSION = YES;
				CLANG_WARN_NON_LITERAL_NULL_CONVERSION = YES;
				CLANG_WARN_OBJC_IMPLICIT_RETAIN_SELF = YES;
				CLANG_WARN_OBJC_LITERAL_CONVERSION = YES;
				CLANG_WARN_OBJC_ROOT_CLASS = YES_ERROR;
				CLANG_WARN_QUOTED_INCLUDE_IN_FRAMEWORK_HEADER = YES;
				CLANG_WARN_RANGE_LOOP_ANALYSIS = YES;
				CLANG_WARN_STRICT_PROTOTYPES = YES;
				CLANG_WARN_SUSPICIOUS_MOVE = YES;
				CLANG_WARN_UNGUARDED_AVAILABILITY = YES_AGGRESSIVE;
				CLANG_WARN_UNREACHABLE_CODE = YES;
				CLANG_WARN__DUPLICATE_METHOD_MATCH = YES;
				COPY_PHASE_STRIP = NO;
				DEBUG_INFORMATION_FORMAT = "dwarf-with-dsym";
				ENABLE_NS_ASSERTIONS = NO;
				ENABLE_STRICT_OBJC_MSGSEND = YES;
				GCC_C_LANGUAGE_STANDARD = gnu11;
				GCC_NO_COMMON_BLOCKS = YES;
				GCC_WARN_64_TO_32_BIT_CONVERSION = YES;
				GCC_WARN_ABOUT_RETURN_TYPE = YES_ERROR;
				GCC_WARN_UNDECLARED_SELECTOR = YES;
				GCC_WARN_UNINITIALIZED_AUTOS = YES_AGGRESSIVE;
				GCC_WARN_UNUSED_FUNCTION = YES;
				GCC_WARN_UNUSED_VARIABLE = YES;
				IPHONEOS_DEPLOYMENT_TARGET = 15.4;
				MTL_ENABLE_DEBUG_INFO = NO;
				MTL_FAST_MATH = YES;
				SDKROOT = iphoneos;
				SWIFT_COMPILATION_MODE = wholemodule;
				SWIFT_OPTIMIZATION_LEVEL = "-O";
				VALIDATE_PRODUCT = YES;
			};
			name = Release;
		};
		D58AAD0A280E25AE00811876 /* Debug */ = {
			isa = XCBuildConfiguration;
			buildSettings = {
				ASSETCATALOG_COMPILER_APPICON_NAME = AppIcon;
				ASSETCATALOG_COMPILER_GLOBAL_ACCENT_COLOR_NAME = AccentColor;
				CODE_SIGN_STYLE = Automatic;
				CURRENT_PROJECT_VERSION = 1;
				GENERATE_INFOPLIST_FILE = YES;
				INFOPLIST_FILE = TripTrack_LoginWeather/Info.plist;
				INFOPLIST_KEY_UIApplicationSupportsIndirectInputEvents = YES;
				INFOPLIST_KEY_UILaunchStoryboardName = LaunchScreen;
				INFOPLIST_KEY_UIMainStoryboardFile = Main;
				INFOPLIST_KEY_UISupportedInterfaceOrientations = UIInterfaceOrientationPortrait;
				INFOPLIST_KEY_UISupportedInterfaceOrientations_iPad = "UIInterfaceOrientationPortrait UIInterfaceOrientationPortraitUpsideDown UIInterfaceOrientationLandscapeLeft UIInterfaceOrientationLandscapeRight";
				INFOPLIST_KEY_UISupportedInterfaceOrientations_iPhone = "UIInterfaceOrientationPortrait UIInterfaceOrientationLandscapeLeft UIInterfaceOrientationLandscapeRight";
				LD_RUNPATH_SEARCH_PATHS = (
					"$(inherited)",
					"@executable_path/Frameworks",
				);
				MARKETING_VERSION = 1.0;
				PRODUCT_BUNDLE_IDENTIFIER = "Robert-Chung.TripTrack-LoginWeather";
				PRODUCT_NAME = "$(TARGET_NAME)";
				SWIFT_EMIT_LOC_STRINGS = YES;
				SWIFT_VERSION = 5.0;
				TARGETED_DEVICE_FAMILY = "1,2";
			};
			name = Debug;
		};
		D58AAD0B280E25AE00811876 /* Release */ = {
			isa = XCBuildConfiguration;
			buildSettings = {
				ASSETCATALOG_COMPILER_APPICON_NAME = AppIcon;
				ASSETCATALOG_COMPILER_GLOBAL_ACCENT_COLOR_NAME = AccentColor;
				CODE_SIGN_STYLE = Automatic;
				CURRENT_PROJECT_VERSION = 1;
				GENERATE_INFOPLIST_FILE = YES;
				INFOPLIST_FILE = TripTrack_LoginWeather/Info.plist;
				INFOPLIST_KEY_UIApplicationSupportsIndirectInputEvents = YES;
				INFOPLIST_KEY_UILaunchStoryboardName = LaunchScreen;
				INFOPLIST_KEY_UIMainStoryboardFile = Main;
				INFOPLIST_KEY_UISupportedInterfaceOrientations = UIInterfaceOrientationPortrait;
				INFOPLIST_KEY_UISupportedInterfaceOrientations_iPad = "UIInterfaceOrientationPortrait UIInterfaceOrientationPortraitUpsideDown UIInterfaceOrientationLandscapeLeft UIInterfaceOrientationLandscapeRight";
				INFOPLIST_KEY_UISupportedInterfaceOrientations_iPhone = "UIInterfaceOrientationPortrait UIInterfaceOrientationLandscapeLeft UIInterfaceOrientationLandscapeRight";
				LD_RUNPATH_SEARCH_PATHS = (
					"$(inherited)",
					"@executable_path/Frameworks",
				);
				MARKETING_VERSION = 1.0;
				PRODUCT_BUNDLE_IDENTIFIER = "Robert-Chung.TripTrack-LoginWeather";
				PRODUCT_NAME = "$(TARGET_NAME)";
				SWIFT_EMIT_LOC_STRINGS = YES;
				SWIFT_VERSION = 5.0;
				TARGETED_DEVICE_FAMILY = "1,2";
			};
			name = Release;
		};
/* End XCBuildConfiguration section */

/* Begin XCConfigurationList section */
		D58AACF0280E25AC00811876 /* Build configuration list for PBXProject "TripTrack_LoginWeather" */ = {
			isa = XCConfigurationList;
			buildConfigurations = (
				D58AAD07280E25AE00811876 /* Debug */,
				D58AAD08280E25AE00811876 /* Release */,
			);
			defaultConfigurationIsVisible = 0;
			defaultConfigurationName = Release;
		};
		D58AAD09280E25AE00811876 /* Build configuration list for PBXNativeTarget "TripTrack_LoginWeather" */ = {
			isa = XCConfigurationList;
			buildConfigurations = (
				D58AAD0A280E25AE00811876 /* Debug */,
				D58AAD0B280E25AE00811876 /* Release */,
			);
			defaultConfigurationIsVisible = 0;
			defaultConfigurationName = Release;
		};
/* End XCConfigurationList section */
	};
	rootObject = D58AACED280E25AC00811876 /* Project object */;
}
